
Microsoft Visual Studio Solution File, Format Version 12.00
# Visual Studio Version 17
VisualStudioVersion = 17.2.32630.192
MinimumVisualStudioVersion = 10.0.40219.1
Project("{FAE04EC0-301F-11D3-BF4B-00C04F79EFBC}") = "LoopsConcept", "LoopsConcept.csproj", "{47F57ADE-5673-44DE-A14F-81D78CE59895}"
EndProject
Global
	GlobalSection(SolutionConfigurationPlatforms) = preSolution
		Debug|Any CPU = Debug|Any CPU
		Release|Any CPU = Release|Any CPU
	EndGlobalSection
	GlobalSection(ProjectConfigurationPlatforms) = postSolution
		{47F57ADE-5673-44DE-A14F-81D78CE59895}.Debug|Any CPU.ActiveCfg = Debug|Any CPU
		{47F57ADE-5673-44DE-A14F-81D78CE59895}.Debug|Any CPU.Build.0 = Debug|Any CPU
		{47F57ADE-5673-44DE-A14F-81D78CE59895}.Release|Any CPU.ActiveCfg = Release|Any CPU
		{47F57ADE-5673-44DE-A14F-81D78CE59895}.Release|Any CPU.Build.0 = Release|Any CPU
	EndGlobalSection
	GlobalSection(SolutionProperties) = preSolution
		HideSolutionNode = FALSE
	EndGlobalSection
	GlobalSection(ExtensibilityGlobals) = postSolution
		SolutionGuid = {DFF07CDC-C517-4334-8823-2ED84361E4FF}
	EndGlobalSection
EndGlobal
