
Microsoft Visual Studio Solution File, Format Version 12.00
# Visual Studio Version 17
VisualStudioVersion = 17.2.32630.192
MinimumVisualStudioVersion = 10.0.40219.1
Project("{FAE04EC0-301F-11D3-BF4B-00C04F79EFBC}") = "StatementProblem", "StatementProblem.csproj", "{5D89562E-5688-4D41-840C-3C08E52698AB}"
EndProject
Global
	GlobalSection(SolutionConfigurationPlatforms) = preSolution
		Debug|Any CPU = Debug|Any CPU
		Release|Any CPU = Release|Any CPU
	EndGlobalSection
	GlobalSection(ProjectConfigurationPlatforms) = postSolution
		{5D89562E-5688-4D41-840C-3C08E52698AB}.Debug|Any CPU.ActiveCfg = Debug|Any CPU
		{5D89562E-5688-4D41-840C-3C08E52698AB}.Debug|Any CPU.Build.0 = Debug|Any CPU
		{5D89562E-5688-4D41-840C-3C08E52698AB}.Release|Any CPU.ActiveCfg = Release|Any CPU
		{5D89562E-5688-4D41-840C-3C08E52698AB}.Release|Any CPU.Build.0 = Release|Any CPU
	EndGlobalSection
	GlobalSection(SolutionProperties) = preSolution
		HideSolutionNode = FALSE
	EndGlobalSection
	GlobalSection(ExtensibilityGlobals) = postSolution
		SolutionGuid = {7179863F-BDB4-4812-A410-9F7C87C33E3C}
	EndGlobalSection
EndGlobal
