
Microsoft Visual Studio Solution File, Format Version 12.00
# Visual Studio Version 17
VisualStudioVersion = 17.2.32630.192
MinimumVisualStudioVersion = 10.0.40219.1
Project("{FAE04EC0-301F-11D3-BF4B-00C04F79EFBC}") = "TypeCasting", "TypeCasting.csproj", "{A4AF247D-89B7-4803-AAE4-10434E545417}"
EndProject
Global
	GlobalSection(SolutionConfigurationPlatforms) = preSolution
		Debug|Any CPU = Debug|Any CPU
		Release|Any CPU = Release|Any CPU
	EndGlobalSection
	GlobalSection(ProjectConfigurationPlatforms) = postSolution
		{A4AF247D-89B7-4803-AAE4-10434E545417}.Debug|Any CPU.ActiveCfg = Debug|Any CPU
		{A4AF247D-89B7-4803-AAE4-10434E545417}.Debug|Any CPU.Build.0 = Debug|Any CPU
		{A4AF247D-89B7-4803-AAE4-10434E545417}.Release|Any CPU.ActiveCfg = Release|Any CPU
		{A4AF247D-89B7-4803-AAE4-10434E545417}.Release|Any CPU.Build.0 = Release|Any CPU
	EndGlobalSection
	GlobalSection(SolutionProperties) = preSolution
		HideSolutionNode = FALSE
	EndGlobalSection
	GlobalSection(ExtensibilityGlobals) = postSolution
		SolutionGuid = {69EEDBB9-A3BA-4C63-9485-3BF6F064A37A}
	EndGlobalSection
EndGlobal
